<?xml version="1.0" encoding="utf-8"?>
<Project ToolsVersion="4.0" xmlns="http://schemas.microsoft.com/developer/msbuild/2003">
  <ItemGroup>
    <ClCompile Include="Main.cpp" />
    <ClCompile Include="pcheader\PCHeader.cpp">
      <Filter>PCHeaders</Filter>
    </ClCompile>
    <ClCompile Include="include\BattleCity\Utility\Rectangle.cpp">
      <Filter>BattleCity\Utility</Filter>
    </ClCompile>
    <ClCompile Include="include\BattleCity\Utility\Vector2Int.cpp">
      <Filter>BattleCity\Utility</Filter>
    </ClCompile>
    <ClCompile Include="include\BattleCity\Game\World\WorldLevel.cpp">
      <Filter>BattleCity\Game\World</Filter>
    </ClCompile>
    <ClCompile Include="include\BattleCity\Game\World\WorldMap.cpp">
      <Filter>BattleCity\Game\World</Filter>
    </ClCompile>
    <ClCompile Include="include\BattleCity\Game\Object\ObjectContainer.cpp">
      <Filter>BattleCity\Game\Object</Filter>
    </ClCompile>
    <ClCompile Include="include\BattleCity\Game\Object\Object.cpp">
      <Filter>BattleCity\Game\Object</Filter>
    </ClCompile>
    <ClCompile Include="include\BattleCity\Game\Object\Factory\ObjectFactory.cpp">
      <Filter>BattleCity\Game\Object\Factory</Filter>
    </ClCompile>
    <ClCompile Include="include\BattleCity\Game\Object\Factory\ObjectFactoryStandart.cpp">
      <Filter>BattleCity\Game\Object\Factory</Filter>
    </ClCompile>
    <ClCompile Include="include\BattleCity\Game\Object\Derived\Bullet.cpp">
      <Filter>BattleCity\Game\Object\Derived</Filter>
    </ClCompile>
    <ClCompile Include="include\BattleCity\Game\Object\Derived\Explosion.cpp">
      <Filter>BattleCity\Game\Object\Derived</Filter>
    </ClCompile>
    <ClCompile Include="include\BattleCity\Game\Object\Derived\Phoenix.cpp">
      <Filter>BattleCity\Game\Object\Derived</Filter>
    </ClCompile>
    <ClCompile Include="include\BattleCity\Game\Object\Derived\PowerUp.cpp">
      <Filter>BattleCity\Game\Object\Derived</Filter>
    </ClCompile>
    <ClCompile Include="include\BattleCity\Game\Object\Derived\Tank.cpp">
      <Filter>BattleCity\Game\Object\Derived</Filter>
    </ClCompile>
    <ClCompile Include="include\BattleCity\Game\Object\Derived\Wall.cpp">
      <Filter>BattleCity\Game\Object\Derived</Filter>
    </ClCompile>
    <ClCompile Include="include\BattleCity\Game\Object\Derived\WorldBoundaries.cpp">
      <Filter>BattleCity\Game\Object\Derived</Filter>
    </ClCompile>
    <ClCompile Include="include\BattleCity\Game\Object\Components\Collider.cpp">
      <Filter>BattleCity\Game\Object\Components</Filter>
    </ClCompile>
    <ClCompile Include="include\BattleCity\Game\Object\Components\Fireable.cpp">
      <Filter>BattleCity\Game\Object\Components</Filter>
    </ClCompile>
    <ClCompile Include="include\BattleCity\Game\Object\Components\Health.cpp">
      <Filter>BattleCity\Game\Object\Components</Filter>
    </ClCompile>
    <ClCompile Include="include\BattleCity\Game\Object\Components\Movable.cpp">
      <Filter>BattleCity\Game\Object\Components</Filter>
    </ClCompile>
    <ClCompile Include="include\BattleCity\Engine\Texture\TextureGroup.cpp">
      <Filter>BattleCity\Engine\Texture</Filter>
    </ClCompile>
    <ClCompile Include="include\BattleCity\Engine\Texture\TexturePathLibrary.cpp">
      <Filter>BattleCity\Engine\Texture</Filter>
    </ClCompile>
    <ClCompile Include="include\BattleCity\Framework\Screen.cpp">
      <Filter>BattleCity\Framework</Filter>
    </ClCompile>
    <ClCompile Include="include\BattleCity\Framework\Texture.cpp">
      <Filter>BattleCity\Framework</Filter>
    </ClCompile>
    <ClCompile Include="include\BattleCity\Game\Game.cpp">
      <Filter>BattleCity\Game</Filter>
    </ClCompile>
    <ClCompile Include="include\BattleCity\Engine\Storage.cpp">
      <Filter>BattleCity\Engine</Filter>
    </ClCompile>
    <ClCompile Include="include\BattleCity\Engine\Texture\TextureContainer.cpp">
      <Filter>BattleCity\Engine\Texture</Filter>
    </ClCompile>
    <ClCompile Include="include\BattleCity\Engine\Texture\BCTexture.cpp">
      <Filter>BattleCity\Engine\Texture</Filter>
    </ClCompile>
  </ItemGroup>
  <ItemGroup>
    <ClInclude Include="pcheader\PCHeader.h">
      <Filter>PCHeaders</Filter>
    </ClInclude>
    <ClInclude Include="include\BattleCity\Utility\Action.h">
      <Filter>BattleCity\Utility</Filter>
    </ClInclude>
    <ClInclude Include="include\BattleCity\Utility\BasicMacros.h">
      <Filter>BattleCity\Utility</Filter>
    </ClInclude>
    <ClInclude Include="include\BattleCity\Utility\ISignal.h">
      <Filter>BattleCity\Utility</Filter>
    </ClInclude>
    <ClInclude Include="include\BattleCity\Utility\magic_enum.hpp">
      <Filter>BattleCity\Utility</Filter>
    </ClInclude>
    <ClInclude Include="include\BattleCity\Utility\Rectangle.h">
      <Filter>BattleCity\Utility</Filter>
    </ClInclude>
    <ClInclude Include="include\BattleCity\Utility\Vector2Int.h">
      <Filter>BattleCity\Utility</Filter>
    </ClInclude>
    <ClInclude Include="include\BattleCity\Game\World\WorldLevel.h">
      <Filter>BattleCity\Game\World</Filter>
    </ClInclude>
    <ClInclude Include="include\BattleCity\Game\World\WorldMap.h">
      <Filter>BattleCity\Game\World</Filter>
    </ClInclude>
    <ClInclude Include="include\BattleCity\Game\Object\ObjectAliases.h">
      <Filter>BattleCity\Game\Object</Filter>
    </ClInclude>
    <ClInclude Include="include\BattleCity\Game\Object\ObjectContainer.h">
      <Filter>BattleCity\Game\Object</Filter>
    </ClInclude>
    <ClInclude Include="include\BattleCity\Game\Object\Object.h">
      <Filter>BattleCity\Game\Object</Filter>
    </ClInclude>
    <ClInclude Include="include\BattleCity\Game\Object\Factory\ObjectFactory.h">
      <Filter>BattleCity\Game\Object\Factory</Filter>
    </ClInclude>
    <ClInclude Include="include\BattleCity\Game\Object\Factory\ObjectFactoryStandart.h">
      <Filter>BattleCity\Game\Object\Factory</Filter>
    </ClInclude>
    <ClInclude Include="include\BattleCity\Game\Object\Derived\Bullet.h">
      <Filter>BattleCity\Game\Object\Derived</Filter>
    </ClInclude>
    <ClInclude Include="include\BattleCity\Game\Object\Derived\Explosion.h">
      <Filter>BattleCity\Game\Object\Derived</Filter>
    </ClInclude>
    <ClInclude Include="include\BattleCity\Game\Object\Derived\Phoenix.h">
      <Filter>BattleCity\Game\Object\Derived</Filter>
    </ClInclude>
    <ClInclude Include="include\BattleCity\Game\Object\Derived\PowerUp.h">
      <Filter>BattleCity\Game\Object\Derived</Filter>
    </ClInclude>
    <ClInclude Include="include\BattleCity\Game\Object\Derived\Tank.h">
      <Filter>BattleCity\Game\Object\Derived</Filter>
    </ClInclude>
    <ClInclude Include="include\BattleCity\Game\Object\Derived\Wall.h">
      <Filter>BattleCity\Game\Object\Derived</Filter>
    </ClInclude>
    <ClInclude Include="include\BattleCity\Game\Object\Derived\WorldBoundaries.h">
      <Filter>BattleCity\Game\Object\Derived</Filter>
    </ClInclude>
    <ClInclude Include="include\BattleCity\Game\Object\Components\Collider.h">
      <Filter>BattleCity\Game\Object\Components</Filter>
    </ClInclude>
    <ClInclude Include="include\BattleCity\Game\Object\Components\Fireable.h">
      <Filter>BattleCity\Game\Object\Components</Filter>
    </ClInclude>
    <ClInclude Include="include\BattleCity\Game\Object\Components\Health.h">
      <Filter>BattleCity\Game\Object\Components</Filter>
    </ClInclude>
    <ClInclude Include="include\BattleCity\Game\Object\Components\Movable.h">
      <Filter>BattleCity\Game\Object\Components</Filter>
    </ClInclude>
    <ClInclude Include="include\BattleCity\Engine\Texture\TextureAliases.h">
      <Filter>BattleCity\Engine\Texture</Filter>
    </ClInclude>
    <ClInclude Include="include\BattleCity\Engine\Texture\TextureGroup.h">
      <Filter>BattleCity\Engine\Texture</Filter>
    </ClInclude>
    <ClInclude Include="include\BattleCity\Engine\Texture\TexturePathLibrary.h">
      <Filter>BattleCity\Engine\Texture</Filter>
    </ClInclude>
    <ClInclude Include="include\BattleCity\Framework\Framework.h">
      <Filter>BattleCity\Framework</Filter>
    </ClInclude>
    <ClInclude Include="include\BattleCity\Framework\Screen.h">
      <Filter>BattleCity\Framework</Filter>
    </ClInclude>
    <ClInclude Include="include\BattleCity\Framework\Texture.h">
      <Filter>BattleCity\Framework</Filter>
    </ClInclude>
    <ClInclude Include="include\BattleCity\Game\Game.h">
      <Filter>BattleCity\Game</Filter>
    </ClInclude>
    <ClInclude Include="include\BattleCity\Engine\Storage.h">
      <Filter>BattleCity\Engine</Filter>
    </ClInclude>
    <ClInclude Include="include\BattleCity\Engine\Texture\TextureContainer.h">
      <Filter>BattleCity\Engine\Texture</Filter>
    </ClInclude>
    <ClInclude Include="include\BattleCity\Enums.h">
      <Filter>BattleCity</Filter>
    </ClInclude>
    <ClInclude Include="include\BattleCity\NamespaceAliases.h">
      <Filter>BattleCity</Filter>
    </ClInclude>
    <ClInclude Include="include\BattleCity\Engine\Texture\BCTexture.h">
      <Filter>BattleCity\Engine\Texture</Filter>
    </ClInclude>
  </ItemGroup>
  <ItemGroup>
    <None Include="cpp.hint" />
  </ItemGroup>
  <ItemGroup>
    <Filter Include="PCHeaders">
      <UniqueIdentifier>{e81d3e70-df37-4457-bbfe-6a2e174898fe}</UniqueIdentifier>
    </Filter>
    <Filter Include="BattleCity">
      <UniqueIdentifier>{53a6e30b-413c-4983-aafe-23ac415c2480}</UniqueIdentifier>
    </Filter>
    <Filter Include="BattleCity\Framework">
      <UniqueIdentifier>{340da608-4e03-44a9-b2c5-c5e953d7f08a}</UniqueIdentifier>
    </Filter>
    <Filter Include="BattleCity\Game">
      <UniqueIdentifier>{eafcfc95-769e-4ff1-a06d-7370b4e7ce63}</UniqueIdentifier>
    </Filter>
    <Filter Include="BattleCity\Game\Object">
      <UniqueIdentifier>{07204f34-c876-4173-abb0-8f7961da8f89}</UniqueIdentifier>
    </Filter>
    <Filter Include="BattleCity\Game\Object\Components">
      <UniqueIdentifier>{dc0f6fd2-65fa-4b3d-84fd-31e43bbd466e}</UniqueIdentifier>
    </Filter>
    <Filter Include="BattleCity\Game\Object\Factory">
      <UniqueIdentifier>{f40ac654-67df-4718-bc44-5128b93501e1}</UniqueIdentifier>
    </Filter>
    <Filter Include="BattleCity\Game\Object\Builder">
      <UniqueIdentifier>{8da801f4-bbf8-4324-9aeb-5d8f314039e6}</UniqueIdentifier>
    </Filter>
    <Filter Include="BattleCity\Game\Object\Derived">
      <UniqueIdentifier>{77d13303-96e1-4516-befd-091e3dc0c62d}</UniqueIdentifier>
    </Filter>
    <Filter Include="BattleCity\Game\World">
      <UniqueIdentifier>{0d884510-9fa3-4509-8224-58f035cf3dbf}</UniqueIdentifier>
    </Filter>
    <Filter Include="BattleCity\Utility">
      <UniqueIdentifier>{afacf658-b7c8-4254-badb-db2d37e1bc68}</UniqueIdentifier>
    </Filter>
    <Filter Include="BattleCity\Engine">
      <UniqueIdentifier>{7b5d93bf-f74f-4a25-9a4a-40f103b07889}</UniqueIdentifier>
    </Filter>
    <Filter Include="BattleCity\Engine\Texture">
      <UniqueIdentifier>{d98ee2cb-b620-4576-a40f-60e0c6755336}</UniqueIdentifier>
    </Filter>
  </ItemGroup>
</Project>