<?xml version="1.0" encoding="utf-8"?>
<Project ToolsVersion="4.0" xmlns="http://schemas.microsoft.com/developer/msbuild/2003">
  <ItemGroup>
    <ClCompile Include="Main.cpp" />
    <ClCompile Include="src\Object\Bullet.cpp">
      <Filter>Source\Object</Filter>
    </ClCompile>
    <ClCompile Include="src\Object\Explosion.cpp">
      <Filter>Source\Object</Filter>
    </ClCompile>
    <ClCompile Include="src\Framework\FrameworkWrapper.cpp">
      <Filter>Source\Framework</Filter>
    </ClCompile>
    <ClCompile Include="src\Manager\GameManager.cpp">
      <Filter>Source\Manager</Filter>
    </ClCompile>
    <ClCompile Include="src\Manager\Manager.cpp">
      <Filter>Source\Manager</Filter>
    </ClCompile>
    <ClCompile Include="src\Object\Object.cpp">
      <Filter>Source\Object</Filter>
    </ClCompile>
    <ClCompile Include="src\Object\PhoenixAndFlag.cpp">
      <Filter>Source\Object</Filter>
    </ClCompile>
    <ClCompile Include="src\Object\PowerUp.cpp">
      <Filter>Source\Object</Filter>
    </ClCompile>
    <ClCompile Include="src\Object\Tank.cpp">
      <Filter>Source\Object</Filter>
    </ClCompile>
    <ClCompile Include="src\Object\TankPlayer.cpp">
      <Filter>Source\Object</Filter>
    </ClCompile>
    <ClCompile Include="src\Object\Wall.cpp">
      <Filter>Source\Object</Filter>
    </ClCompile>
    <ClCompile Include="src\Collision\Rectangle.cpp">
      <Filter>Source\Collision</Filter>
    </ClCompile>
    <ClCompile Include="src\Utility\Vector2Int.cpp">
      <Filter>Source\Utility</Filter>
    </ClCompile>
    <ClCompile Include="src\Framework\Screen.cpp">
      <Filter>Source\Framework</Filter>
    </ClCompile>
    <ClCompile Include="src\Manager\WorldManager.cpp">
      <Filter>Source\Manager</Filter>
    </ClCompile>
    <ClCompile Include="src\Manager\SpriteManager.cpp">
      <Filter>Source\Manager</Filter>
    </ClCompile>
    <ClCompile Include="src\Manager\SpritePathManager.cpp">
      <Filter>Source\Manager</Filter>
    </ClCompile>
    <ClCompile Include="src\PCHeader.cpp">
      <Filter>Source</Filter>
    </ClCompile>
    <ClCompile Include="src\Manager\TimerManager.cpp">
      <Filter>Source\Manager</Filter>
    </ClCompile>
    <ClCompile Include="src\Utility\TimerHandle.cpp">
      <Filter>Source\Utility</Filter>
    </ClCompile>
    <ClCompile Include="src\Manager\MapManager.cpp">
      <Filter>Source\Manager</Filter>
    </ClCompile>
    <ClCompile Include="src\Object\TankNPC.cpp">
      <Filter>Source\Object</Filter>
    </ClCompile>
    <ClCompile Include="src\Object\ObjectList.cpp">
      <Filter>Source\Object</Filter>
    </ClCompile>
  </ItemGroup>
  <ItemGroup>
    <ClInclude Include="include\Object\Bullet.h">
      <Filter>Headers\Object</Filter>
    </ClInclude>
    <ClInclude Include="include\Object\Explosion.h">
      <Filter>Headers\Object</Filter>
    </ClInclude>
    <ClInclude Include="include\Framework\Framework.h">
      <Filter>Headers\Framework</Filter>
    </ClInclude>
    <ClInclude Include="include\Framework\FrameworkWrapper.h">
      <Filter>Headers\Framework</Filter>
    </ClInclude>
    <ClInclude Include="include\Manager\GameManager.h">
      <Filter>Headers\Manager</Filter>
    </ClInclude>
    <ClInclude Include="include\Manager\Manager.h">
      <Filter>Headers\Manager</Filter>
    </ClInclude>
    <ClInclude Include="include\Object\Object.h">
      <Filter>Headers\Object</Filter>
    </ClInclude>
    <ClInclude Include="include\Object\PhoenixAndFlag.h">
      <Filter>Headers\Object</Filter>
    </ClInclude>
    <ClInclude Include="include\Object\PowerUp.h">
      <Filter>Headers\Object</Filter>
    </ClInclude>
    <ClInclude Include="include\Object\Tank.h">
      <Filter>Headers\Object</Filter>
    </ClInclude>
    <ClInclude Include="include\Object\TankPlayer.h">
      <Filter>Headers\Object</Filter>
    </ClInclude>
    <ClInclude Include="include\Object\Wall.h">
      <Filter>Headers\Object</Filter>
    </ClInclude>
    <ClInclude Include="include\Collision\Rectangle.h">
      <Filter>Headers\Collision</Filter>
    </ClInclude>
    <ClInclude Include="include\Framework\Screen.h">
      <Filter>Headers\Framework</Filter>
    </ClInclude>
    <ClInclude Include="include\Manager\SpriteManager.h">
      <Filter>Headers\Manager</Filter>
    </ClInclude>
    <ClInclude Include="include\Utility\Vector2Int.h">
      <Filter>Headers\Utility</Filter>
    </ClInclude>
    <ClInclude Include="include\Manager\WorldManager.h">
      <Filter>Headers\Manager</Filter>
    </ClInclude>
    <ClInclude Include="include\Manager\SpritePathManager.h">
      <Filter>Headers\Manager</Filter>
    </ClInclude>
    <ClInclude Include="include\PCHeader.h">
      <Filter>Headers</Filter>
    </ClInclude>
    <ClInclude Include="include\Utility\magic_enum.hpp">
      <Filter>Headers\Utility</Filter>
    </ClInclude>
    <ClInclude Include="include\Manager\TimerManager.h">
      <Filter>Headers\Manager</Filter>
    </ClInclude>
    <ClInclude Include="include\Utility\TFunction.h">
      <Filter>Headers\Utility</Filter>
    </ClInclude>
    <ClInclude Include="include\Utility\TimerHandle.h">
      <Filter>Headers\Utility</Filter>
    </ClInclude>
    <ClInclude Include="include\Manager\MapManager.h">
      <Filter>Headers\Manager</Filter>
    </ClInclude>
    <ClInclude Include="include\Object\TankNPC.h">
      <Filter>Headers\Object</Filter>
    </ClInclude>
    <ClInclude Include="include\Object\ObjectList.h">
      <Filter>Headers\Object</Filter>
    </ClInclude>
    <ClInclude Include="include\Engine\BattleCityEnums.h">
      <Filter>Headers\Engine</Filter>
    </ClInclude>
  </ItemGroup>
  <ItemGroup>
    <None Include="cpp.hint" />
  </ItemGroup>
  <ItemGroup>
    <Filter Include="Headers">
      <UniqueIdentifier>{8db73797-1160-4427-9135-b24753f01c93}</UniqueIdentifier>
    </Filter>
    <Filter Include="Source">
      <UniqueIdentifier>{53a6e30b-413c-4983-aafe-23ac415c2480}</UniqueIdentifier>
    </Filter>
    <Filter Include="Headers\Collision">
      <UniqueIdentifier>{66508cac-38f7-44be-9cec-cfd041fbca8b}</UniqueIdentifier>
    </Filter>
    <Filter Include="Headers\Framework">
      <UniqueIdentifier>{4e80204e-52f5-4951-9ae0-a5c80e5802a4}</UniqueIdentifier>
    </Filter>
    <Filter Include="Headers\Manager">
      <UniqueIdentifier>{6f45e7dd-52d6-4d87-8ac6-2c8bad9fbf52}</UniqueIdentifier>
    </Filter>
    <Filter Include="Headers\Object">
      <UniqueIdentifier>{85d26384-d2e2-43ee-83aa-927e9b87fe07}</UniqueIdentifier>
    </Filter>
    <Filter Include="Headers\Utility">
      <UniqueIdentifier>{c462b0d0-44c5-485c-8cdd-4be1fd9dac56}</UniqueIdentifier>
    </Filter>
    <Filter Include="Source\Collision">
      <UniqueIdentifier>{d74916be-fec8-4142-aa99-958b74029552}</UniqueIdentifier>
    </Filter>
    <Filter Include="Source\Event">
      <UniqueIdentifier>{fc96c148-8886-4c83-9700-a65834e50099}</UniqueIdentifier>
    </Filter>
    <Filter Include="Source\Framework">
      <UniqueIdentifier>{340da608-4e03-44a9-b2c5-c5e953d7f08a}</UniqueIdentifier>
    </Filter>
    <Filter Include="Source\Manager">
      <UniqueIdentifier>{cb029feb-0984-4641-b87b-152f0b69cfc1}</UniqueIdentifier>
    </Filter>
    <Filter Include="Source\Utility">
      <UniqueIdentifier>{25c6241a-728e-4793-9516-9ba413f8f8e5}</UniqueIdentifier>
    </Filter>
    <Filter Include="Source\Object">
      <UniqueIdentifier>{07204f34-c876-4173-abb0-8f7961da8f89}</UniqueIdentifier>
    </Filter>
    <Filter Include="Headers\Engine">
      <UniqueIdentifier>{49ecc4e6-30ce-4b46-87bd-485610a80a87}</UniqueIdentifier>
    </Filter>
  </ItemGroup>
</Project>